
Microsoft Visual Studio Solution File, Format Version 12.00
# Visual Studio Version 17
VisualStudioVersion = 17.2.32516.85
MinimumVisualStudioVersion = 10.0.40219.1
Project("{2150E333-8FDC-42A3-9474-1A3956D46DE8}") = "src", "src", "{6C281DF4-E89F-450E-A63F-5367E224AC2F}"
EndProject
Project("{2150E333-8FDC-42A3-9474-1A3956D46DE8}") = "tests", "tests", "{7472847B-71B7-46B5-A218-5BDF28758A5F}"
EndProject
Project("{9A19103F-16F7-4668-BE54-9A1E7A4F7556}") = "LenV.Demo.MinApi", "LenV.Demo.MinApi\LenV.Demo.MinApi.csproj", "{E3E2F060-76E4-41F2-BA36-82DF86535560}"
EndProject
Project("{9A19103F-16F7-4668-BE54-9A1E7A4F7556}") = "LenV.Demo.Domain", "LenV.Demo.Domain\LenV.Demo.Domain.csproj", "{12858ED9-26FA-47A4-98CA-639A15DD243F}"
EndProject
Project("{9A19103F-16F7-4668-BE54-9A1E7A4F7556}") = "LenV.Demo.Application", "LenV.Demo.Application\LenV.Demo.Application.csproj", "{9B68F1D2-7790-46AC-9B13-D5C01688D098}"
EndProject
Project("{9A19103F-16F7-4668-BE54-9A1E7A4F7556}") = "LenV.Demo.Infrastructure", "LenV.Demo.Infrastructure\LenV.Demo.Infrastructure.csproj", "{1A6464CD-0B35-4DCE-BEEF-3179CA7D8F0E}"
EndProject
Project("{FAE04EC0-301F-11D3-BF4B-00C04F79EFBC}") = "LenV.Demo.Application.UnitTests", "LenV.Demo.Application.UnitTests\LenV.Demo.Application.UnitTests.csproj", "{64FE4868-D600-418D-AA12-D22D1CFA6BD1}"
EndProject
Global
	GlobalSection(SolutionConfigurationPlatforms) = preSolution
		Debug|Any CPU = Debug|Any CPU
		Release|Any CPU = Release|Any CPU
	EndGlobalSection
	GlobalSection(ProjectConfigurationPlatforms) = postSolution
		{E3E2F060-76E4-41F2-BA36-82DF86535560}.Debug|Any CPU.ActiveCfg = Debug|Any CPU
		{E3E2F060-76E4-41F2-BA36-82DF86535560}.Debug|Any CPU.Build.0 = Debug|Any CPU
		{E3E2F060-76E4-41F2-BA36-82DF86535560}.Release|Any CPU.ActiveCfg = Release|Any CPU
		{E3E2F060-76E4-41F2-BA36-82DF86535560}.Release|Any CPU.Build.0 = Release|Any CPU
		{12858ED9-26FA-47A4-98CA-639A15DD243F}.Debug|Any CPU.ActiveCfg = Debug|Any CPU
		{12858ED9-26FA-47A4-98CA-639A15DD243F}.Debug|Any CPU.Build.0 = Debug|Any CPU
		{12858ED9-26FA-47A4-98CA-639A15DD243F}.Release|Any CPU.ActiveCfg = Release|Any CPU
		{12858ED9-26FA-47A4-98CA-639A15DD243F}.Release|Any CPU.Build.0 = Release|Any CPU
		{9B68F1D2-7790-46AC-9B13-D5C01688D098}.Debug|Any CPU.ActiveCfg = Debug|Any CPU
		{9B68F1D2-7790-46AC-9B13-D5C01688D098}.Debug|Any CPU.Build.0 = Debug|Any CPU
		{9B68F1D2-7790-46AC-9B13-D5C01688D098}.Release|Any CPU.ActiveCfg = Release|Any CPU
		{9B68F1D2-7790-46AC-9B13-D5C01688D098}.Release|Any CPU.Build.0 = Release|Any CPU
		{1A6464CD-0B35-4DCE-BEEF-3179CA7D8F0E}.Debug|Any CPU.ActiveCfg = Debug|Any CPU
		{1A6464CD-0B35-4DCE-BEEF-3179CA7D8F0E}.Debug|Any CPU.Build.0 = Debug|Any CPU
		{1A6464CD-0B35-4DCE-BEEF-3179CA7D8F0E}.Release|Any CPU.ActiveCfg = Release|Any CPU
		{1A6464CD-0B35-4DCE-BEEF-3179CA7D8F0E}.Release|Any CPU.Build.0 = Release|Any CPU
		{64FE4868-D600-418D-AA12-D22D1CFA6BD1}.Debug|Any CPU.ActiveCfg = Debug|Any CPU
		{64FE4868-D600-418D-AA12-D22D1CFA6BD1}.Debug|Any CPU.Build.0 = Debug|Any CPU
		{64FE4868-D600-418D-AA12-D22D1CFA6BD1}.Release|Any CPU.ActiveCfg = Release|Any CPU
		{64FE4868-D600-418D-AA12-D22D1CFA6BD1}.Release|Any CPU.Build.0 = Release|Any CPU
	EndGlobalSection
	GlobalSection(SolutionProperties) = preSolution
		HideSolutionNode = FALSE
	EndGlobalSection
	GlobalSection(NestedProjects) = preSolution
		{E3E2F060-76E4-41F2-BA36-82DF86535560} = {6C281DF4-E89F-450E-A63F-5367E224AC2F}
		{12858ED9-26FA-47A4-98CA-639A15DD243F} = {6C281DF4-E89F-450E-A63F-5367E224AC2F}
		{9B68F1D2-7790-46AC-9B13-D5C01688D098} = {6C281DF4-E89F-450E-A63F-5367E224AC2F}
		{1A6464CD-0B35-4DCE-BEEF-3179CA7D8F0E} = {6C281DF4-E89F-450E-A63F-5367E224AC2F}
		{64FE4868-D600-418D-AA12-D22D1CFA6BD1} = {7472847B-71B7-46B5-A218-5BDF28758A5F}
	EndGlobalSection
	GlobalSection(ExtensibilityGlobals) = postSolution
		SolutionGuid = {C798E6FB-70CD-494D-A64F-B65F99945092}
	EndGlobalSection
EndGlobal
